
Microsoft Visual Studio Solution File, Format Version 12.00
# Visual Studio Version 16
VisualStudioVersion = 16.0.29728.190
MinimumVisualStudioVersion = 10.0.40219.1
Project("{9A19103F-16F7-4668-BE54-9A1E7A4F7556}") = "LeaderBoard", "LeaderBoard\LeaderBoard.csproj", "{182D8CD4-DA07-4EFB-857F-76916D7E767B}"
EndProject
Project("{9A19103F-16F7-4668-BE54-9A1E7A4F7556}") = "LeaderBoard.Entity", "LeaderBoard.Entity\LeaderBoard.Entity.csproj", "{103AAC82-59D0-460D-A4B2-25DC73308A79}"
EndProject
Project("{9A19103F-16F7-4668-BE54-9A1E7A4F7556}") = "LeaderBoard.Data", "LeaderBoard.Data\LeaderBoard.Data.csproj", "{BD07762F-D60D-424D-81B3-DD692C324826}"
EndProject
Project("{FAE04EC0-301F-11D3-BF4B-00C04F79EFBC}") = "LeaderBoard.Services", "LeaderBoard.Services\LeaderBoard.Services.csproj", "{8DAF0F2A-C1D6-4A69-8427-14DB722998E8}"
EndProject
Global
	GlobalSection(SolutionConfigurationPlatforms) = preSolution
		Debug|Any CPU = Debug|Any CPU
		Release|Any CPU = Release|Any CPU
	EndGlobalSection
	GlobalSection(ProjectConfigurationPlatforms) = postSolution
		{182D8CD4-DA07-4EFB-857F-76916D7E767B}.Debug|Any CPU.ActiveCfg = Debug|Any CPU
		{182D8CD4-DA07-4EFB-857F-76916D7E767B}.Debug|Any CPU.Build.0 = Debug|Any CPU
		{182D8CD4-DA07-4EFB-857F-76916D7E767B}.Release|Any CPU.ActiveCfg = Release|Any CPU
		{182D8CD4-DA07-4EFB-857F-76916D7E767B}.Release|Any CPU.Build.0 = Release|Any CPU
		{103AAC82-59D0-460D-A4B2-25DC73308A79}.Debug|Any CPU.ActiveCfg = Debug|Any CPU
		{103AAC82-59D0-460D-A4B2-25DC73308A79}.Debug|Any CPU.Build.0 = Debug|Any CPU
		{103AAC82-59D0-460D-A4B2-25DC73308A79}.Release|Any CPU.ActiveCfg = Release|Any CPU
		{103AAC82-59D0-460D-A4B2-25DC73308A79}.Release|Any CPU.Build.0 = Release|Any CPU
		{BD07762F-D60D-424D-81B3-DD692C324826}.Debug|Any CPU.ActiveCfg = Debug|Any CPU
		{BD07762F-D60D-424D-81B3-DD692C324826}.Debug|Any CPU.Build.0 = Debug|Any CPU
		{BD07762F-D60D-424D-81B3-DD692C324826}.Release|Any CPU.ActiveCfg = Release|Any CPU
		{BD07762F-D60D-424D-81B3-DD692C324826}.Release|Any CPU.Build.0 = Release|Any CPU
		{8DAF0F2A-C1D6-4A69-8427-14DB722998E8}.Debug|Any CPU.ActiveCfg = Debug|Any CPU
		{8DAF0F2A-C1D6-4A69-8427-14DB722998E8}.Debug|Any CPU.Build.0 = Debug|Any CPU
		{8DAF0F2A-C1D6-4A69-8427-14DB722998E8}.Release|Any CPU.ActiveCfg = Release|Any CPU
		{8DAF0F2A-C1D6-4A69-8427-14DB722998E8}.Release|Any CPU.Build.0 = Release|Any CPU
	EndGlobalSection
	GlobalSection(SolutionProperties) = preSolution
		HideSolutionNode = FALSE
	EndGlobalSection
	GlobalSection(ExtensibilityGlobals) = postSolution
		SolutionGuid = {EC8E2A4A-1926-4078-934C-BAE775CD9E6A}
	EndGlobalSection
EndGlobal
